
Microsoft Visual Studio Solution File, Format Version 12.00
# Visual Studio Version 16
VisualStudioVersion = 16.0.30330.147
MinimumVisualStudioVersion = 10.0.40219.1
Project("{FAE04EC0-301F-11D3-BF4B-00C04F79EFBC}") = "CSH1_Tag_08_Aufgabe_03", "CSH1_Tag_08_Aufgabe_03\CSH1_Tag_08_Aufgabe_03.csproj", "{66B1FE78-F2E4-4F3A-8246-61F1DC963085}"
EndProject
Global
	GlobalSection(SolutionConfigurationPlatforms) = preSolution
		Debug|Any CPU = Debug|Any CPU
		Release|Any CPU = Release|Any CPU
	EndGlobalSection
	GlobalSection(ProjectConfigurationPlatforms) = postSolution
		{66B1FE78-F2E4-4F3A-8246-61F1DC963085}.Debug|Any CPU.ActiveCfg = Debug|Any CPU
		{66B1FE78-F2E4-4F3A-8246-61F1DC963085}.Debug|Any CPU.Build.0 = Debug|Any CPU
		{66B1FE78-F2E4-4F3A-8246-61F1DC963085}.Release|Any CPU.ActiveCfg = Release|Any CPU
		{66B1FE78-F2E4-4F3A-8246-61F1DC963085}.Release|Any CPU.Build.0 = Release|Any CPU
	EndGlobalSection
	GlobalSection(SolutionProperties) = preSolution
		HideSolutionNode = FALSE
	EndGlobalSection
	GlobalSection(ExtensibilityGlobals) = postSolution
		SolutionGuid = {E590B445-F895-4777-AA31-CCF5733299B5}
	EndGlobalSection
EndGlobal
