
Microsoft Visual Studio Solution File, Format Version 12.00
# Visual Studio Version 16
VisualStudioVersion = 16.0.30330.147
MinimumVisualStudioVersion = 10.0.40219.1
Project("{FAE04EC0-301F-11D3-BF4B-00C04F79EFBC}") = "CSH1_Tag_08_Aufgabe_02", "CSH1_Tag_08_Aufgabe_02\CSH1_Tag_08_Aufgabe_02.csproj", "{1DA5913A-3AD2-4DB7-97AD-918A7BFA9F3A}"
EndProject
Global
	GlobalSection(SolutionConfigurationPlatforms) = preSolution
		Debug|Any CPU = Debug|Any CPU
		Release|Any CPU = Release|Any CPU
	EndGlobalSection
	GlobalSection(ProjectConfigurationPlatforms) = postSolution
		{1DA5913A-3AD2-4DB7-97AD-918A7BFA9F3A}.Debug|Any CPU.ActiveCfg = Debug|Any CPU
		{1DA5913A-3AD2-4DB7-97AD-918A7BFA9F3A}.Debug|Any CPU.Build.0 = Debug|Any CPU
		{1DA5913A-3AD2-4DB7-97AD-918A7BFA9F3A}.Release|Any CPU.ActiveCfg = Release|Any CPU
		{1DA5913A-3AD2-4DB7-97AD-918A7BFA9F3A}.Release|Any CPU.Build.0 = Release|Any CPU
	EndGlobalSection
	GlobalSection(SolutionProperties) = preSolution
		HideSolutionNode = FALSE
	EndGlobalSection
	GlobalSection(ExtensibilityGlobals) = postSolution
		SolutionGuid = {AE319FA5-F1C1-4E66-B0FF-60C1EB5BDF7B}
	EndGlobalSection
EndGlobal
